
Microsoft Visual Studio Solution File, Format Version 12.00
# Visual Studio Version 16
VisualStudioVersion = 16.0.31911.196
MinimumVisualStudioVersion = 10.0.40219.1
Project("{9A19103F-16F7-4668-BE54-9A1E7A4F7556}") = "OmegaTempCollector", "OmegaTempCollector\OmegaTempCollector.csproj", "{374C2028-9A74-41A0-8BC7-49C155970DF1}"
EndProject
Global
	GlobalSection(SolutionConfigurationPlatforms) = preSolution
		Debug|Any CPU = Debug|Any CPU
		Release|Any CPU = Release|Any CPU
	EndGlobalSection
	GlobalSection(ProjectConfigurationPlatforms) = postSolution
		{374C2028-9A74-41A0-8BC7-49C155970DF1}.Debug|Any CPU.ActiveCfg = Debug|Any CPU
		{374C2028-9A74-41A0-8BC7-49C155970DF1}.Debug|Any CPU.Build.0 = Debug|Any CPU
		{374C2028-9A74-41A0-8BC7-49C155970DF1}.Release|Any CPU.ActiveCfg = Release|Any CPU
		{374C2028-9A74-41A0-8BC7-49C155970DF1}.Release|Any CPU.Build.0 = Release|Any CPU
	EndGlobalSection
	GlobalSection(SolutionProperties) = preSolution
		HideSolutionNode = FALSE
	EndGlobalSection
	GlobalSection(ExtensibilityGlobals) = postSolution
		SolutionGuid = {5083BBA2-6B45-4A8F-9AB8-C5E0E4256B2B}
	EndGlobalSection
EndGlobal
